
Microsoft Visual Studio Solution File, Format Version 12.00
# Visual Studio Version 17
VisualStudioVersion = 17.5.33424.131
MinimumVisualStudioVersion = 10.0.40219.1
Project("{9A19103F-16F7-4668-BE54-9A1E7A4F7556}") = "StrideNuget", "StrideNuget\StrideNuget.csproj", "{3F162CDB-1610-4387-8161-96B1BB662CB4}"
EndProject
Global
	GlobalSection(SolutionConfigurationPlatforms) = preSolution
		Debug|Any CPU = Debug|Any CPU
		Release|Any CPU = Release|Any CPU
	EndGlobalSection
	GlobalSection(ProjectConfigurationPlatforms) = postSolution
		{3F162CDB-1610-4387-8161-96B1BB662CB4}.Debug|Any CPU.ActiveCfg = Debug|Any CPU
		{3F162CDB-1610-4387-8161-96B1BB662CB4}.Debug|Any CPU.Build.0 = Debug|Any CPU
		{3F162CDB-1610-4387-8161-96B1BB662CB4}.Release|Any CPU.ActiveCfg = Release|Any CPU
		{3F162CDB-1610-4387-8161-96B1BB662CB4}.Release|Any CPU.Build.0 = Release|Any CPU
	EndGlobalSection
	GlobalSection(SolutionProperties) = preSolution
		HideSolutionNode = FALSE
	EndGlobalSection
	GlobalSection(ExtensibilityGlobals) = postSolution
		SolutionGuid = {56F84FCE-AF97-47E3-A39B-2BC8BA57C2A7}
	EndGlobalSection
EndGlobal
